
Microsoft Visual Studio Solution File, Format Version 12.00
# Visual Studio 15
VisualStudioVersion = 15.0.27703.2026
MinimumVisualStudioVersion = 10.0.40219.1
Project("{9A19103F-16F7-4668-BE54-9A1E7A4F7556}") = "AccountingSytmWArsh", "AccountingSytmWArsh\AccountingSytmWArsh.csproj", "{D326E493-93E4-4A78-9191-AEFD56FD9429}"
EndProject
Global
	GlobalSection(SolutionConfigurationPlatforms) = preSolution
		Debug|Any CPU = Debug|Any CPU
		Release|Any CPU = Release|Any CPU
	EndGlobalSection
	GlobalSection(ProjectConfigurationPlatforms) = postSolution
		{D326E493-93E4-4A78-9191-AEFD56FD9429}.Debug|Any CPU.ActiveCfg = Debug|Any CPU
		{D326E493-93E4-4A78-9191-AEFD56FD9429}.Debug|Any CPU.Build.0 = Debug|Any CPU
		{D326E493-93E4-4A78-9191-AEFD56FD9429}.Release|Any CPU.ActiveCfg = Release|Any CPU
		{D326E493-93E4-4A78-9191-AEFD56FD9429}.Release|Any CPU.Build.0 = Release|Any CPU
	EndGlobalSection
	GlobalSection(SolutionProperties) = preSolution
		HideSolutionNode = FALSE
	EndGlobalSection
	GlobalSection(ExtensibilityGlobals) = postSolution
		SolutionGuid = {B35AE587-EEB7-4B79-B897-2DBF1E118D6A}
	EndGlobalSection
EndGlobal
